
Microsoft Visual Studio Solution File, Format Version 12.00
# Visual Studio 2012
Project("{8BC9CEB8-8B4A-11D0-8D11-00A0C91BC942}") = "Areas", "Areas\Areas.vcxproj", "{55FA48C8-8BCA-4014-9E72-E0A9AA76F257}"
EndProject
Project("{8BC9CEB8-8B4A-11D0-8D11-00A0C91BC942}") = "Chat", "Chat\Chat.vcxproj", "{0964EB00-AD0B-4A18-9045-2D9D93B71892}"
EndProject
Project("{8BC9CEB8-8B4A-11D0-8D11-00A0C91BC942}") = "Events", "events\Events.vcxproj", "{B8215C65-0519-40A2-A39A-024E4EB8D9BE}"
EndProject
Project("{8BC9CEB8-8B4A-11D0-8D11-00A0C91BC942}") = "Fixes", "fixes\Fixes.vcxproj", "{9933E87A-226D-4F37-B35A-C773F6AF7C5D}"
EndProject
Project("{8BC9CEB8-8B4A-11D0-8D11-00A0C91BC942}") = "Functions", "Functions\Functions.vcxproj", "{6AF769ED-A0B4-4737-872B-92FAFDB0D76A}"
EndProject
Project("{8BC9CEB8-8B4A-11D0-8D11-00A0C91BC942}") = "HashSet", "Hashset\HashSet.vcxproj", "{3CE6D470-686F-4650-9630-71E69E689AFA}"
EndProject
Project("{8BC9CEB8-8B4A-11D0-8D11-00A0C91BC942}") = "NWNX2", "NWNX2\NWNX2.vcxproj", "{38A4D05C-A4A1-4FEF-9352-3344DED3935D}"
EndProject
Project("{8BC9CEB8-8B4A-11D0-8D11-00A0C91BC942}") = "NWNXdll", "NWNXdll\NWNXdll.vcxproj", "{79048A36-513B-4A05-8DA3-C224C7F437A6}"
EndProject
Project("{8BC9CEB8-8B4A-11D0-8D11-00A0C91BC942}") = "Odbc2", "ODBC2\Odbc2.vcxproj", "{CFBF3375-3F41-4B7F-BB19-A330CA0BBC51}"
EndProject
Project("{8BC9CEB8-8B4A-11D0-8D11-00A0C91BC942}") = "Profiler", "Profiler\Profiler.vcxproj", "{3052A6A7-4F6D-4FBC-B303-3D70FE3CAA6E}"
EndProject
Project("{8BC9CEB8-8B4A-11D0-8D11-00A0C91BC942}") = "ResMan", "ResMan\ResMan.vcxproj", "{0CE2538F-3C3D-402C-A1D7-FA6B3EA6DA39}"
EndProject
Project("{8BC9CEB8-8B4A-11D0-8D11-00A0C91BC942}") = "SortSet", "SortSet\SortSet.vcxproj", "{CED43271-20E5-4721-8537-9A13EEB43D44}"
EndProject
Project("{8BC9CEB8-8B4A-11D0-8D11-00A0C91BC942}") = "Vaultster", "Vaultster\Vaultster.vcxproj", "{190AF7D7-D4C1-4722-A7AF-6EEC3998276D}"
EndProject
Global
	GlobalSection(SolutionConfigurationPlatforms) = preSolution
		Debug|Win32 = Debug|Win32
		Release|Win32 = Release|Win32
	EndGlobalSection
	GlobalSection(ProjectConfigurationPlatforms) = postSolution
		{55FA48C8-8BCA-4014-9E72-E0A9AA76F257}.Debug|Win32.ActiveCfg = Debug|Win32
		{55FA48C8-8BCA-4014-9E72-E0A9AA76F257}.Debug|Win32.Build.0 = Debug|Win32
		{55FA48C8-8BCA-4014-9E72-E0A9AA76F257}.Release|Win32.ActiveCfg = Release|Win32
		{55FA48C8-8BCA-4014-9E72-E0A9AA76F257}.Release|Win32.Build.0 = Release|Win32
		{0964EB00-AD0B-4A18-9045-2D9D93B71892}.Debug|Win32.ActiveCfg = Debug|Win32
		{0964EB00-AD0B-4A18-9045-2D9D93B71892}.Debug|Win32.Build.0 = Debug|Win32
		{0964EB00-AD0B-4A18-9045-2D9D93B71892}.Release|Win32.ActiveCfg = Release|Win32
		{0964EB00-AD0B-4A18-9045-2D9D93B71892}.Release|Win32.Build.0 = Release|Win32
		{B8215C65-0519-40A2-A39A-024E4EB8D9BE}.Debug|Win32.ActiveCfg = Debug|Win32
		{B8215C65-0519-40A2-A39A-024E4EB8D9BE}.Debug|Win32.Build.0 = Debug|Win32
		{B8215C65-0519-40A2-A39A-024E4EB8D9BE}.Release|Win32.ActiveCfg = Release|Win32
		{B8215C65-0519-40A2-A39A-024E4EB8D9BE}.Release|Win32.Build.0 = Release|Win32
		{9933E87A-226D-4F37-B35A-C773F6AF7C5D}.Debug|Win32.ActiveCfg = Debug|Win32
		{9933E87A-226D-4F37-B35A-C773F6AF7C5D}.Debug|Win32.Build.0 = Debug|Win32
		{9933E87A-226D-4F37-B35A-C773F6AF7C5D}.Release|Win32.ActiveCfg = Release|Win32
		{9933E87A-226D-4F37-B35A-C773F6AF7C5D}.Release|Win32.Build.0 = Release|Win32
		{6AF769ED-A0B4-4737-872B-92FAFDB0D76A}.Debug|Win32.ActiveCfg = Debug|Win32
		{6AF769ED-A0B4-4737-872B-92FAFDB0D76A}.Debug|Win32.Build.0 = Debug|Win32
		{6AF769ED-A0B4-4737-872B-92FAFDB0D76A}.Release|Win32.ActiveCfg = Release|Win32
		{6AF769ED-A0B4-4737-872B-92FAFDB0D76A}.Release|Win32.Build.0 = Release|Win32
		{3CE6D470-686F-4650-9630-71E69E689AFA}.Debug|Win32.ActiveCfg = Debug|Win32
		{3CE6D470-686F-4650-9630-71E69E689AFA}.Debug|Win32.Build.0 = Debug|Win32
		{3CE6D470-686F-4650-9630-71E69E689AFA}.Release|Win32.ActiveCfg = Release|Win32
		{3CE6D470-686F-4650-9630-71E69E689AFA}.Release|Win32.Build.0 = Release|Win32
		{38A4D05C-A4A1-4FEF-9352-3344DED3935D}.Debug|Win32.ActiveCfg = Debug|Win32
		{38A4D05C-A4A1-4FEF-9352-3344DED3935D}.Debug|Win32.Build.0 = Debug|Win32
		{38A4D05C-A4A1-4FEF-9352-3344DED3935D}.Release|Win32.ActiveCfg = Release|Win32
		{38A4D05C-A4A1-4FEF-9352-3344DED3935D}.Release|Win32.Build.0 = Release|Win32
		{79048A36-513B-4A05-8DA3-C224C7F437A6}.Debug|Win32.ActiveCfg = Debug|Win32
		{79048A36-513B-4A05-8DA3-C224C7F437A6}.Debug|Win32.Build.0 = Debug|Win32
		{79048A36-513B-4A05-8DA3-C224C7F437A6}.Release|Win32.ActiveCfg = Release|Win32
		{79048A36-513B-4A05-8DA3-C224C7F437A6}.Release|Win32.Build.0 = Release|Win32
		{CFBF3375-3F41-4B7F-BB19-A330CA0BBC51}.Debug|Win32.ActiveCfg = Debug|Win32
		{CFBF3375-3F41-4B7F-BB19-A330CA0BBC51}.Debug|Win32.Build.0 = Debug|Win32
		{CFBF3375-3F41-4B7F-BB19-A330CA0BBC51}.Release|Win32.ActiveCfg = Release|Win32
		{CFBF3375-3F41-4B7F-BB19-A330CA0BBC51}.Release|Win32.Build.0 = Release|Win32
		{3052A6A7-4F6D-4FBC-B303-3D70FE3CAA6E}.Debug|Win32.ActiveCfg = Debug|Win32
		{3052A6A7-4F6D-4FBC-B303-3D70FE3CAA6E}.Debug|Win32.Build.0 = Debug|Win32
		{3052A6A7-4F6D-4FBC-B303-3D70FE3CAA6E}.Release|Win32.ActiveCfg = Release|Win32
		{3052A6A7-4F6D-4FBC-B303-3D70FE3CAA6E}.Release|Win32.Build.0 = Release|Win32
		{0CE2538F-3C3D-402C-A1D7-FA6B3EA6DA39}.Debug|Win32.ActiveCfg = Debug|Win32
		{0CE2538F-3C3D-402C-A1D7-FA6B3EA6DA39}.Debug|Win32.Build.0 = Debug|Win32
		{0CE2538F-3C3D-402C-A1D7-FA6B3EA6DA39}.Release|Win32.ActiveCfg = Release|Win32
		{0CE2538F-3C3D-402C-A1D7-FA6B3EA6DA39}.Release|Win32.Build.0 = Release|Win32
		{CED43271-20E5-4721-8537-9A13EEB43D44}.Debug|Win32.ActiveCfg = Debug|Win32
		{CED43271-20E5-4721-8537-9A13EEB43D44}.Debug|Win32.Build.0 = Debug|Win32
		{CED43271-20E5-4721-8537-9A13EEB43D44}.Release|Win32.ActiveCfg = Release|Win32
		{CED43271-20E5-4721-8537-9A13EEB43D44}.Release|Win32.Build.0 = Release|Win32
		{190AF7D7-D4C1-4722-A7AF-6EEC3998276D}.Debug|Win32.ActiveCfg = Debug|Win32
		{190AF7D7-D4C1-4722-A7AF-6EEC3998276D}.Debug|Win32.Build.0 = Debug|Win32
		{190AF7D7-D4C1-4722-A7AF-6EEC3998276D}.Release|Win32.ActiveCfg = Release|Win32
		{190AF7D7-D4C1-4722-A7AF-6EEC3998276D}.Release|Win32.Build.0 = Release|Win32
	EndGlobalSection
	GlobalSection(SolutionProperties) = preSolution
		HideSolutionNode = FALSE
	EndGlobalSection
EndGlobal
